
Microsoft Visual Studio Solution File, Format Version 12.00
# Visual Studio Version 17
VisualStudioVersion = 17.9.34728.123
MinimumVisualStudioVersion = 10.0.40219.1
Project("{2150E333-8FDC-42A3-9474-1A3956D46DE8}") = "Services", "Services", "{FED030CF-1D13-4CE4-93E6-9D9AAEB1689B}"
EndProject
Project("{2150E333-8FDC-42A3-9474-1A3956D46DE8}") = "Catalog", "Catalog", "{808A688D-9A4C-4596-9D20-335DA54A32EB}"
EndProject
Project("{9A19103F-16F7-4668-BE54-9A1E7A4F7556}") = "Catalog.API", "Services\Catalog\Catalog.API\Catalog.API.csproj", "{63DC8266-9E71-4723-9AC4-865AE433AA07}"
EndProject
Project("{2150E333-8FDC-42A3-9474-1A3956D46DE8}") = "BuildingBlocks", "BuildingBlocks", "{C79A1D88-3D04-4595-80D1-A5CF4B24348F}"
EndProject
Project("{9A19103F-16F7-4668-BE54-9A1E7A4F7556}") = "BuildingBlocks", "BuildingBlocks\BuildingBlocks\BuildingBlocks.csproj", "{BBBCD0D2-1A53-4672-ACF9-B0B2331FC665}"
EndProject
Project("{E53339B2-1760-4266-BCC7-CA923CBCF16C}") = "docker-compose", "docker-compose.dcproj", "{8557EA6B-E154-456D-A768-641B08C12197}"
EndProject
Project("{2150E333-8FDC-42A3-9474-1A3956D46DE8}") = "Basket", "Basket", "{DB4FE811-E95C-462F-B1D1-8496565E1BDA}"
EndProject
Project("{9A19103F-16F7-4668-BE54-9A1E7A4F7556}") = "Basket.API", "Services\Basket\Basket.API\Basket.API.csproj", "{1ED5BA19-E3F6-4C28-A5A7-07C92A9CA16F}"
EndProject
Project("{2150E333-8FDC-42A3-9474-1A3956D46DE8}") = "Discount", "Discount", "{46BB9A2F-758B-410F-8ACE-0638FC2AFF4F}"
EndProject
Project("{9A19103F-16F7-4668-BE54-9A1E7A4F7556}") = "Discount.Grpc", "Services\Discount\Discount.Grpc\Discount.Grpc.csproj", "{4B076AD7-281C-4366-AFAA-CBAEE29CABB0}"
EndProject
Project("{2150E333-8FDC-42A3-9474-1A3956D46DE8}") = "Ordering", "Ordering", "{599291E3-51DF-4703-BD4A-667B17453FDD}"
EndProject
Project("{9A19103F-16F7-4668-BE54-9A1E7A4F7556}") = "Ordering.API", "Services\Ordering\Ordering.API\Ordering.API.csproj", "{600BB927-18D1-45E7-8360-26A71A30E27C}"
EndProject
Project("{FAE04EC0-301F-11D3-BF4B-00C04F79EFBC}") = "Ordering.Domain", "Services\Ordering\Ordering.Domain\Ordering.Domain.csproj", "{E9332D4A-9D16-42CF-9AEC-6E2949BF3293}"
EndProject
Project("{FAE04EC0-301F-11D3-BF4B-00C04F79EFBC}") = "Ordering.Application", "Services\Ordering\Ordering.Application\Ordering.Application.csproj", "{22005135-B0B9-478A-A472-899C854A7922}"
EndProject
Project("{FAE04EC0-301F-11D3-BF4B-00C04F79EFBC}") = "Ordering.Infrastructure", "Services\Ordering\Ordering.Infrastructure\Ordering.Infrastructure.csproj", "{E15F34EC-9BD3-4147-AFCD-BC276F388347}"
EndProject
Global
	GlobalSection(SolutionConfigurationPlatforms) = preSolution
		Debug|Any CPU = Debug|Any CPU
		Release|Any CPU = Release|Any CPU
	EndGlobalSection
	GlobalSection(ProjectConfigurationPlatforms) = postSolution
		{63DC8266-9E71-4723-9AC4-865AE433AA07}.Debug|Any CPU.ActiveCfg = Debug|Any CPU
		{63DC8266-9E71-4723-9AC4-865AE433AA07}.Debug|Any CPU.Build.0 = Debug|Any CPU
		{63DC8266-9E71-4723-9AC4-865AE433AA07}.Release|Any CPU.ActiveCfg = Release|Any CPU
		{63DC8266-9E71-4723-9AC4-865AE433AA07}.Release|Any CPU.Build.0 = Release|Any CPU
		{BBBCD0D2-1A53-4672-ACF9-B0B2331FC665}.Debug|Any CPU.ActiveCfg = Debug|Any CPU
		{BBBCD0D2-1A53-4672-ACF9-B0B2331FC665}.Debug|Any CPU.Build.0 = Debug|Any CPU
		{BBBCD0D2-1A53-4672-ACF9-B0B2331FC665}.Release|Any CPU.ActiveCfg = Release|Any CPU
		{BBBCD0D2-1A53-4672-ACF9-B0B2331FC665}.Release|Any CPU.Build.0 = Release|Any CPU
		{8557EA6B-E154-456D-A768-641B08C12197}.Debug|Any CPU.ActiveCfg = Debug|Any CPU
		{8557EA6B-E154-456D-A768-641B08C12197}.Debug|Any CPU.Build.0 = Debug|Any CPU
		{8557EA6B-E154-456D-A768-641B08C12197}.Release|Any CPU.ActiveCfg = Release|Any CPU
		{8557EA6B-E154-456D-A768-641B08C12197}.Release|Any CPU.Build.0 = Release|Any CPU
		{1ED5BA19-E3F6-4C28-A5A7-07C92A9CA16F}.Debug|Any CPU.ActiveCfg = Debug|Any CPU
		{1ED5BA19-E3F6-4C28-A5A7-07C92A9CA16F}.Debug|Any CPU.Build.0 = Debug|Any CPU
		{1ED5BA19-E3F6-4C28-A5A7-07C92A9CA16F}.Release|Any CPU.ActiveCfg = Release|Any CPU
		{1ED5BA19-E3F6-4C28-A5A7-07C92A9CA16F}.Release|Any CPU.Build.0 = Release|Any CPU
		{4B076AD7-281C-4366-AFAA-CBAEE29CABB0}.Debug|Any CPU.ActiveCfg = Debug|Any CPU
		{4B076AD7-281C-4366-AFAA-CBAEE29CABB0}.Debug|Any CPU.Build.0 = Debug|Any CPU
		{4B076AD7-281C-4366-AFAA-CBAEE29CABB0}.Release|Any CPU.ActiveCfg = Release|Any CPU
		{4B076AD7-281C-4366-AFAA-CBAEE29CABB0}.Release|Any CPU.Build.0 = Release|Any CPU
		{600BB927-18D1-45E7-8360-26A71A30E27C}.Debug|Any CPU.ActiveCfg = Debug|Any CPU
		{600BB927-18D1-45E7-8360-26A71A30E27C}.Debug|Any CPU.Build.0 = Debug|Any CPU
		{600BB927-18D1-45E7-8360-26A71A30E27C}.Release|Any CPU.ActiveCfg = Release|Any CPU
		{600BB927-18D1-45E7-8360-26A71A30E27C}.Release|Any CPU.Build.0 = Release|Any CPU
		{E9332D4A-9D16-42CF-9AEC-6E2949BF3293}.Debug|Any CPU.ActiveCfg = Debug|Any CPU
		{E9332D4A-9D16-42CF-9AEC-6E2949BF3293}.Debug|Any CPU.Build.0 = Debug|Any CPU
		{E9332D4A-9D16-42CF-9AEC-6E2949BF3293}.Release|Any CPU.ActiveCfg = Release|Any CPU
		{E9332D4A-9D16-42CF-9AEC-6E2949BF3293}.Release|Any CPU.Build.0 = Release|Any CPU
		{22005135-B0B9-478A-A472-899C854A7922}.Debug|Any CPU.ActiveCfg = Debug|Any CPU
		{22005135-B0B9-478A-A472-899C854A7922}.Debug|Any CPU.Build.0 = Debug|Any CPU
		{22005135-B0B9-478A-A472-899C854A7922}.Release|Any CPU.ActiveCfg = Release|Any CPU
		{22005135-B0B9-478A-A472-899C854A7922}.Release|Any CPU.Build.0 = Release|Any CPU
		{E15F34EC-9BD3-4147-AFCD-BC276F388347}.Debug|Any CPU.ActiveCfg = Debug|Any CPU
		{E15F34EC-9BD3-4147-AFCD-BC276F388347}.Debug|Any CPU.Build.0 = Debug|Any CPU
		{E15F34EC-9BD3-4147-AFCD-BC276F388347}.Release|Any CPU.ActiveCfg = Release|Any CPU
		{E15F34EC-9BD3-4147-AFCD-BC276F388347}.Release|Any CPU.Build.0 = Release|Any CPU
	EndGlobalSection
	GlobalSection(SolutionProperties) = preSolution
		HideSolutionNode = FALSE
	EndGlobalSection
	GlobalSection(NestedProjects) = preSolution
		{808A688D-9A4C-4596-9D20-335DA54A32EB} = {FED030CF-1D13-4CE4-93E6-9D9AAEB1689B}
		{63DC8266-9E71-4723-9AC4-865AE433AA07} = {808A688D-9A4C-4596-9D20-335DA54A32EB}
		{BBBCD0D2-1A53-4672-ACF9-B0B2331FC665} = {C79A1D88-3D04-4595-80D1-A5CF4B24348F}
		{DB4FE811-E95C-462F-B1D1-8496565E1BDA} = {FED030CF-1D13-4CE4-93E6-9D9AAEB1689B}
		{1ED5BA19-E3F6-4C28-A5A7-07C92A9CA16F} = {DB4FE811-E95C-462F-B1D1-8496565E1BDA}
		{46BB9A2F-758B-410F-8ACE-0638FC2AFF4F} = {FED030CF-1D13-4CE4-93E6-9D9AAEB1689B}
		{4B076AD7-281C-4366-AFAA-CBAEE29CABB0} = {46BB9A2F-758B-410F-8ACE-0638FC2AFF4F}
		{599291E3-51DF-4703-BD4A-667B17453FDD} = {FED030CF-1D13-4CE4-93E6-9D9AAEB1689B}
		{600BB927-18D1-45E7-8360-26A71A30E27C} = {599291E3-51DF-4703-BD4A-667B17453FDD}
		{E9332D4A-9D16-42CF-9AEC-6E2949BF3293} = {599291E3-51DF-4703-BD4A-667B17453FDD}
		{22005135-B0B9-478A-A472-899C854A7922} = {599291E3-51DF-4703-BD4A-667B17453FDD}
		{E15F34EC-9BD3-4147-AFCD-BC276F388347} = {599291E3-51DF-4703-BD4A-667B17453FDD}
	EndGlobalSection
	GlobalSection(ExtensibilityGlobals) = postSolution
		SolutionGuid = {70E378CD-FA0B-4B03-8253-2096336D25E6}
	EndGlobalSection
EndGlobal
